<?xml version="1.0" encoding="UTF-8" standalone="yes" ?>
<CodeBlocks_project_file>
	<FileVersion major="1" minor="6" />
	<Project>
		<Option title="ps2dev" />
		<Option makefile_is_custom="1" />
		<Option pch_mode="2" />
		<Option compiler="ps2_gcc_compiler" />
		<MakeCommands>
			<Build command="$make -f $makefile" />
			<CompileFile command="$make -f $makefile $file" />
			<Clean command="$make -f $makefile clean" />
			<DistClean command="$make -f $makefile distclean" />
			<AskRebuildNeeded command="$make -q -f $makefile $target" />
			<SilentBuild command="$make -s -f $makefile $target" />
		</MakeCommands>
		<Build>
			<Target title="default">
				<Option output="bin\Release\ps2dev" prefix_auto="1" extension_auto="1" />
				<Option object_output="obj\Release\" />
				<Option type="1" />
				<Option compiler="ps2_gcc_compiler" />
				<Compiler>
					<Add option="-O2" />
				</Compiler>
				<Linker>
					<Add option="-s" />
				</Linker>
				<Environment>
					<Variable name="EE_INCS" value="C:/ps2dev/msys/1.0/local/ps2dev/ee/ee/include" />
				</Environment>
				<MakeCommands>
					<Build command="$make -f $makefile" />
					<CompileFile command="$make -f $makefile $file" />
					<Clean command="$make -f $makefile clean" />
					<DistClean command="$make -f $makefile distclean" />
					<AskRebuildNeeded command="$make -q -f $makefile " />
					<SilentBuild command="$make -s -f $makefile " />
				</MakeCommands>
			</Target>
		</Build>
		<Compiler>
			<Add option="-Wall" />
		</Compiler>
		<Unit filename="hello.c">
			<Option compilerVar="CC" />
		</Unit>
		<Extensions>
			<code_completion />
			<envvars />
		</Extensions>
	</Project>
</CodeBlocks_project_file>
